// !$*UTF8*$!
{
	archiveVersion = 1;
	classes = {
	};
	objectVersion = 48;
	objects = {

/* Begin PBXBuildFile section */
		1C4F72D72062C34700A90E52 /* WeatherResultItem.swift in Sources */ = {isa = PBXBuildFile; fileRef = 1C4F72D62062C31A00A90E52 /* WeatherResultItem.swift */; };
		1C4F72D82062C35A00A90E52 /* WeatherApiSearchService.swift in Sources */ = {isa = PBXBuildFile; fileRef = 1C4F72D42062C2FD00A90E52 /* WeatherApiSearchService.swift */; };
		1C4F72DA2062C37E00A90E52 /* WeatherSearchViewController.swift in Sources */ = {isa = PBXBuildFile; fileRef = 1C4F72D92062C37E00A90E52 /* WeatherSearchViewController.swift */; };
		1C4F72DD2062C3B700A90E52 /* WeatherDetailViewController.swift in Sources */ = {isa = PBXBuildFile; fileRef = 1C4F72DC2062C3B700A90E52 /* WeatherDetailViewController.swift */; };
		1C4F72E12062C44E00A90E52 /* WeatherDetailView.xib in Resources */ = {isa = PBXBuildFile; fileRef = 1C4F72E02062C44E00A90E52 /* WeatherDetailView.xib */; };
		1C4F72E32062C45A00A90E52 /* WeatherDetailView.swift in Sources */ = {isa = PBXBuildFile; fileRef = 1C4F72E22062C45A00A90E52 /* WeatherDetailView.swift */; };
		1C4F72E52062CCEA00A90E52 /* WeatherApiDetailService.swift in Sources */ = {isa = PBXBuildFile; fileRef = 1C4F72E42062CCEA00A90E52 /* WeatherApiDetailService.swift */; };
		1C4F72E72062CD3700A90E52 /* WeatherDetail.swift in Sources */ = {isa = PBXBuildFile; fileRef = 1C4F72E62062CD3600A90E52 /* WeatherDetail.swift */; };
		1C956340206170F700D3B23C /* WeatherSearch.swift in Sources */ = {isa = PBXBuildFile; fileRef = 1C95633F206170F700D3B23C /* WeatherSearch.swift */; };
		1C9563422061711800D3B23C /* WeatherSearch.xib in Resources */ = {isa = PBXBuildFile; fileRef = 1C9563412061711800D3B23C /* WeatherSearch.xib */; };
		1CB85B9C204C543800B641C8 /* AppDelegate.swift in Sources */ = {isa = PBXBuildFile; fileRef = 1CB85B9B204C543800B641C8 /* AppDelegate.swift */; };
		1CB85B9E204C543800B641C8 /* ViewController.swift in Sources */ = {isa = PBXBuildFile; fileRef = 1CB85B9D204C543800B641C8 /* ViewController.swift */; };
		1CB85BA3204C543800B641C8 /* Assets.xcassets in Resources */ = {isa = PBXBuildFile; fileRef = 1CB85BA2204C543800B641C8 /* Assets.xcassets */; };
		1CB85BA6204C543800B641C8 /* LaunchScreen.storyboard in Resources */ = {isa = PBXBuildFile; fileRef = 1CB85BA4204C543800B641C8 /* LaunchScreen.storyboard */; };
		1CB85BB1204C543800B641C8 /* WeatherCucumberTests.swift in Sources */ = {isa = PBXBuildFile; fileRef = 1CB85BB0204C543800B641C8 /* WeatherCucumberTests.swift */; };
		1CB85BCD204C583800B641C8 /* CucumberishInitializer.swift.swift in Sources */ = {isa = PBXBuildFile; fileRef = 1CB85BCC204C583800B641C8 /* CucumberishInitializer.swift.swift */; };
		1CB85BD0204C596B00B641C8 /* CucumberishLoader.m in Sources */ = {isa = PBXBuildFile; fileRef = 1CB85BCF204C596B00B641C8 /* CucumberishLoader.m */; };
		1CB85BD3204C5C2800B641C8 /* Features in Resources */ = {isa = PBXBuildFile; fileRef = 1CB85BD2204C5B6B00B641C8 /* Features */; };
		AF20B5B6898179436F7A9241 /* Pods_WeatherCucumberUITests.framework in Frameworks */ = {isa = PBXBuildFile; fileRef = 800FF1F38DB29A739C795558 /* Pods_WeatherCucumberUITests.framework */; };
/* End PBXBuildFile section */

/* Begin PBXContainerItemProxy section */
		1CB85BAD204C543800B641C8 /* PBXContainerItemProxy */ = {
			isa = PBXContainerItemProxy;
			containerPortal = 1CB85B90204C543800B641C8 /* Project object */;
			proxyType = 1;
			remoteGlobalIDString = 1CB85B97204C543800B641C8;
			remoteInfo = WeatherCucumber;
		};
		1CB85BB8204C543800B641C8 /* PBXContainerItemProxy */ = {
			isa = PBXContainerItemProxy;
			containerPortal = 1CB85B90204C543800B641C8 /* Project object */;
			proxyType = 1;
			remoteGlobalIDString = 1CB85B97204C543800B641C8;
			remoteInfo = WeatherCucumber;
		};
/* End PBXContainerItemProxy section */

/* Begin PBXFileReference section */
		1C4F72D42062C2FD00A90E52 /* WeatherApiSearchService.swift */ = {isa = PBXFileReference; lastKnownFileType = sourcecode.swift; path = WeatherApiSearchService.swift; sourceTree = "<group>"; };
		1C4F72D62062C31A00A90E52 /* WeatherResultItem.swift */ = {isa = PBXFileReference; lastKnownFileType = sourcecode.swift; path = WeatherResultItem.swift; sourceTree = "<group>"; };
		1C4F72D92062C37E00A90E52 /* WeatherSearchViewController.swift */ = {isa = PBXFileReference; lastKnownFileType = sourcecode.swift; path = WeatherSearchViewController.swift; sourceTree = "<group>"; };
		1C4F72DC2062C3B700A90E52 /* WeatherDetailViewController.swift */ = {isa = PBXFileReference; lastKnownFileType = sourcecode.swift; path = WeatherDetailViewController.swift; sourceTree = "<group>"; };
		1C4F72E02062C44E00A90E52 /* WeatherDetailView.xib */ = {isa = PBXFileReference; lastKnownFileType = file.xib; path = WeatherDetailView.xib; sourceTree = "<group>"; };
		1C4F72E22062C45A00A90E52 /* WeatherDetailView.swift */ = {isa = PBXFileReference; lastKnownFileType = sourcecode.swift; path = WeatherDetailView.swift; sourceTree = "<group>"; };
		1C4F72E42062CCEA00A90E52 /* WeatherApiDetailService.swift */ = {isa = PBXFileReference; lastKnownFileType = sourcecode.swift; path = WeatherApiDetailService.swift; sourceTree = "<group>"; };
		1C4F72E62062CD3600A90E52 /* WeatherDetail.swift */ = {isa = PBXFileReference; lastKnownFileType = sourcecode.swift; path = WeatherDetail.swift; sourceTree = "<group>"; };
		1C95633F206170F700D3B23C /* WeatherSearch.swift */ = {isa = PBXFileReference; lastKnownFileType = sourcecode.swift; path = WeatherSearch.swift; sourceTree = "<group>"; };
		1C9563412061711800D3B23C /* WeatherSearch.xib */ = {isa = PBXFileReference; lastKnownFileType = file.xib; path = WeatherSearch.xib; sourceTree = "<group>"; };
		1CB85B98204C543800B641C8 /* WeatherCucumber.app */ = {isa = PBXFileReference; explicitFileType = wrapper.application; includeInIndex = 0; path = WeatherCucumber.app; sourceTree = BUILT_PRODUCTS_DIR; };
		1CB85B9B204C543800B641C8 /* AppDelegate.swift */ = {isa = PBXFileReference; lastKnownFileType = sourcecode.swift; path = AppDelegate.swift; sourceTree = "<group>"; };
		1CB85B9D204C543800B641C8 /* ViewController.swift */ = {isa = PBXFileReference; lastKnownFileType = sourcecode.swift; path = ViewController.swift; sourceTree = "<group>"; };
		1CB85BA0204C543800B641C8 /* Base */ = {isa = PBXFileReference; lastKnownFileType = file.storyboard; name = Base; path = Base.lproj/Main.storyboard; sourceTree = "<group>"; };
		1CB85BA2204C543800B641C8 /* Assets.xcassets */ = {isa = PBXFileReference; lastKnownFileType = folder.assetcatalog; path = Assets.xcassets; sourceTree = "<group>"; };
		1CB85BA5204C543800B641C8 /* Base */ = {isa = PBXFileReference; lastKnownFileType = file.storyboard; name = Base; path = Base.lproj/LaunchScreen.storyboard; sourceTree = "<group>"; };
		1CB85BA7204C543800B641C8 /* Info.plist */ = {isa = PBXFileReference; lastKnownFileType = text.plist.xml; path = Info.plist; sourceTree = "<group>"; };
		1CB85BAC204C543800B641C8 /* WeatherCucumberTests.xctest */ = {isa = PBXFileReference; explicitFileType = wrapper.cfbundle; includeInIndex = 0; path = WeatherCucumberTests.xctest; sourceTree = BUILT_PRODUCTS_DIR; };
		1CB85BB0204C543800B641C8 /* WeatherCucumberTests.swift */ = {isa = PBXFileReference; lastKnownFileType = sourcecode.swift; path = WeatherCucumberTests.swift; sourceTree = "<group>"; };
		1CB85BB2204C543800B641C8 /* Info.plist */ = {isa = PBXFileReference; lastKnownFileType = text.plist.xml; path = Info.plist; sourceTree = "<group>"; };
		1CB85BB7204C543800B641C8 /* WeatherCucumberUITests.xctest */ = {isa = PBXFileReference; explicitFileType = wrapper.cfbundle; includeInIndex = 0; path = WeatherCucumberUITests.xctest; sourceTree = BUILT_PRODUCTS_DIR; };
		1CB85BBB204C543800B641C8 /* WeatherCucumberUITests.swift */ = {isa = PBXFileReference; lastKnownFileType = sourcecode.swift; path = WeatherCucumberUITests.swift; sourceTree = "<group>"; };
		1CB85BBD204C543800B641C8 /* Info.plist */ = {isa = PBXFileReference; lastKnownFileType = text.plist.xml; path = Info.plist; sourceTree = "<group>"; };
		1CB85BCC204C583800B641C8 /* CucumberishInitializer.swift.swift */ = {isa = PBXFileReference; lastKnownFileType = sourcecode.swift; path = CucumberishInitializer.swift.swift; sourceTree = "<group>"; };
		1CB85BCE204C596A00B641C8 /* WeatherCucumberUITests-Bridging-Header.h */ = {isa = PBXFileReference; lastKnownFileType = sourcecode.c.h; path = "WeatherCucumberUITests-Bridging-Header.h"; sourceTree = "<group>"; };
		1CB85BCF204C596B00B641C8 /* CucumberishLoader.m */ = {isa = PBXFileReference; lastKnownFileType = sourcecode.c.objc; path = CucumberishLoader.m; sourceTree = "<group>"; };
		1CB85BD2204C5B6B00B641C8 /* Features */ = {isa = PBXFileReference; lastKnownFileType = folder; path = Features; sourceTree = "<group>"; };
		3EEDB21197220DABE751B18A /* Pods-WeatherCucumberUITests.release.xcconfig */ = {isa = PBXFileReference; includeInIndex = 1; lastKnownFileType = text.xcconfig; name = "Pods-WeatherCucumberUITests.release.xcconfig"; path = "Pods/Target Support Files/Pods-WeatherCucumberUITests/Pods-WeatherCucumberUITests.release.xcconfig"; sourceTree = "<group>"; };
		7937B638F6F59DAC895A1626 /* Pods-WeatherCucumberUITests.debug.xcconfig */ = {isa = PBXFileReference; includeInIndex = 1; lastKnownFileType = text.xcconfig; name = "Pods-WeatherCucumberUITests.debug.xcconfig"; path = "Pods/Target Support Files/Pods-WeatherCucumberUITests/Pods-WeatherCucumberUITests.debug.xcconfig"; sourceTree = "<group>"; };
		800FF1F38DB29A739C795558 /* Pods_WeatherCucumberUITests.framework */ = {isa = PBXFileReference; explicitFileType = wrapper.framework; includeInIndex = 0; path = Pods_WeatherCucumberUITests.framework; sourceTree = BUILT_PRODUCTS_DIR; };
/* End PBXFileReference section */

/* Begin PBXFrameworksBuildPhase section */
		1CB85B95204C543800B641C8 /* Frameworks */ = {
			isa = PBXFrameworksBuildPhase;
			buildActionMask = 2147483647;
			files = (
			);
			runOnlyForDeploymentPostprocessing = 0;
		};
		1CB85BA9204C543800B641C8 /* Frameworks */ = {
			isa = PBXFrameworksBuildPhase;
			buildActionMask = 2147483647;
			files = (
			);
			runOnlyForDeploymentPostprocessing = 0;
		};
		1CB85BB4204C543800B641C8 /* Frameworks */ = {
			isa = PBXFrameworksBuildPhase;
			buildActionMask = 2147483647;
			files = (
				AF20B5B6898179436F7A9241 /* Pods_WeatherCucumberUITests.framework in Frameworks */,
			);
			runOnlyForDeploymentPostprocessing = 0;
		};
/* End PBXFrameworksBuildPhase section */

/* Begin PBXGroup section */
		16E9600210B3AC111120B0B4 /* Frameworks */ = {
			isa = PBXGroup;
			children = (
				800FF1F38DB29A739C795558 /* Pods_WeatherCucumberUITests.framework */,
			);
			name = Frameworks;
			sourceTree = "<group>";
		};
		177B58D557A74AC2B7132C29 /* Pods */ = {
			isa = PBXGroup;
			children = (
				7937B638F6F59DAC895A1626 /* Pods-WeatherCucumberUITests.debug.xcconfig */,
				3EEDB21197220DABE751B18A /* Pods-WeatherCucumberUITests.release.xcconfig */,
			);
			name = Pods;
			sourceTree = "<group>";
		};
		1C4F72D32062C2DE00A90E52 /* ApiService */ = {
			isa = PBXGroup;
			children = (
				1C4F72D42062C2FD00A90E52 /* WeatherApiSearchService.swift */,
				1C4F72E42062CCEA00A90E52 /* WeatherApiDetailService.swift */,
			);
			path = ApiService;
			sourceTree = "<group>";
		};
		1C4F72D52062C30300A90E52 /* DomainObject */ = {
			isa = PBXGroup;
			children = (
				1C4F72D62062C31A00A90E52 /* WeatherResultItem.swift */,
				1C4F72E62062CD3600A90E52 /* WeatherDetail.swift */,
			);
			path = DomainObject;
			sourceTree = "<group>";
		};
		1C4F72DB2062C39C00A90E52 /* WeatherDetail */ = {
			isa = PBXGroup;
			children = (
				1C4F72DC2062C3B700A90E52 /* WeatherDetailViewController.swift */,
				1C4F72E02062C44E00A90E52 /* WeatherDetailView.xib */,
				1C4F72E22062C45A00A90E52 /* WeatherDetailView.swift */,
			);
			path = WeatherDetail;
			sourceTree = "<group>";
		};
		1C95633E206170E500D3B23C /* WeatherSearch */ = {
			isa = PBXGroup;
			children = (
				1C4F72D92062C37E00A90E52 /* WeatherSearchViewController.swift */,
				1C95633F206170F700D3B23C /* WeatherSearch.swift */,
				1C9563412061711800D3B23C /* WeatherSearch.xib */,
			);
			path = WeatherSearch;
			sourceTree = "<group>";
		};
		1CB85B8F204C543800B641C8 = {
			isa = PBXGroup;
			children = (
				1CB85B9A204C543800B641C8 /* WeatherCucumber */,
				1CB85BAF204C543800B641C8 /* WeatherCucumberTests */,
				1CB85BBA204C543800B641C8 /* WeatherCucumberUITests */,
				1CB85B99204C543800B641C8 /* Products */,
				177B58D557A74AC2B7132C29 /* Pods */,
				16E9600210B3AC111120B0B4 /* Frameworks */,
			);
			sourceTree = "<group>";
		};
		1CB85B99204C543800B641C8 /* Products */ = {
			isa = PBXGroup;
			children = (
				1CB85B98204C543800B641C8 /* WeatherCucumber.app */,
				1CB85BAC204C543800B641C8 /* WeatherCucumberTests.xctest */,
				1CB85BB7204C543800B641C8 /* WeatherCucumberUITests.xctest */,
			);
			name = Products;
			sourceTree = "<group>";
		};
		1CB85B9A204C543800B641C8 /* WeatherCucumber */ = {
			isa = PBXGroup;
			children = (
				1C4F72D52062C30300A90E52 /* DomainObject */,
				1C4F72D32062C2DE00A90E52 /* ApiService */,
				1C95633E206170E500D3B23C /* WeatherSearch */,
				1C4F72DB2062C39C00A90E52 /* WeatherDetail */,
				1CB85B9B204C543800B641C8 /* AppDelegate.swift */,
				1CB85B9D204C543800B641C8 /* ViewController.swift */,
				1CB85B9F204C543800B641C8 /* Main.storyboard */,
				1CB85BA2204C543800B641C8 /* Assets.xcassets */,
				1CB85BA4204C543800B641C8 /* LaunchScreen.storyboard */,
				1CB85BA7204C543800B641C8 /* Info.plist */,
			);
			path = WeatherCucumber;
			sourceTree = "<group>";
		};
		1CB85BAF204C543800B641C8 /* WeatherCucumberTests */ = {
			isa = PBXGroup;
			children = (
				1CB85BB0204C543800B641C8 /* WeatherCucumberTests.swift */,
				1CB85BB2204C543800B641C8 /* Info.plist */,
			);
			path = WeatherCucumberTests;
			sourceTree = "<group>";
		};
		1CB85BBA204C543800B641C8 /* WeatherCucumberUITests */ = {
			isa = PBXGroup;
			children = (
				1CB85BD2204C5B6B00B641C8 /* Features */,
				1CB85BBB204C543800B641C8 /* WeatherCucumberUITests.swift */,
				1CB85BCC204C583800B641C8 /* CucumberishInitializer.swift.swift */,
				1CB85BCF204C596B00B641C8 /* CucumberishLoader.m */,
				1CB85BBD204C543800B641C8 /* Info.plist */,
				1CB85BCE204C596A00B641C8 /* WeatherCucumberUITests-Bridging-Header.h */,
			);
			path = WeatherCucumberUITests;
			sourceTree = "<group>";
		};
/* End PBXGroup section */

/* Begin PBXNativeTarget section */
		1CB85B97204C543800B641C8 /* WeatherCucumber */ = {
			isa = PBXNativeTarget;
			buildConfigurationList = 1CB85BC0204C543900B641C8 /* Build configuration list for PBXNativeTarget "WeatherCucumber" */;
			buildPhases = (
				1CB85B94204C543800B641C8 /* Sources */,
				1CB85B95204C543800B641C8 /* Frameworks */,
				1CB85B96204C543800B641C8 /* Resources */,
			);
			buildRules = (
			);
			dependencies = (
			);
			name = WeatherCucumber;
			productName = WeatherCucumber;
			productReference = 1CB85B98204C543800B641C8 /* WeatherCucumber.app */;
			productType = "com.apple.product-type.application";
		};
		1CB85BAB204C543800B641C8 /* WeatherCucumberTests */ = {
			isa = PBXNativeTarget;
			buildConfigurationList = 1CB85BC3204C543900B641C8 /* Build configuration list for PBXNativeTarget "WeatherCucumberTests" */;
			buildPhases = (
				1CB85BA8204C543800B641C8 /* Sources */,
				1CB85BA9204C543800B641C8 /* Frameworks */,
				1CB85BAA204C543800B641C8 /* Resources */,
			);
			buildRules = (
			);
			dependencies = (
				1CB85BAE204C543800B641C8 /* PBXTargetDependency */,
			);
			name = WeatherCucumberTests;
			productName = WeatherCucumberTests;
			productReference = 1CB85BAC204C543800B641C8 /* WeatherCucumberTests.xctest */;
			productType = "com.apple.product-type.bundle.unit-test";
		};
		1CB85BB6204C543800B641C8 /* WeatherCucumberUITests */ = {
			isa = PBXNativeTarget;
			buildConfigurationList = 1CB85BC6204C543900B641C8 /* Build configuration list for PBXNativeTarget "WeatherCucumberUITests" */;
			buildPhases = (
				07DC56497291775D1D1CDFD5 /* [CP] Check Pods Manifest.lock */,
				1CB85BB3204C543800B641C8 /* Sources */,
				1CB85BB4204C543800B641C8 /* Frameworks */,
				1CB85BB5204C543800B641C8 /* Resources */,
				B62DB51072AE30C403ECAEC4 /* [CP] Embed Pods Frameworks */,
				BD61AFAD300CC2CF8D034263 /* [CP] Copy Pods Resources */,
			);
			buildRules = (
			);
			dependencies = (
				1CB85BB9204C543800B641C8 /* PBXTargetDependency */,
			);
			name = WeatherCucumberUITests;
			productName = WeatherCucumberUITests;
			productReference = 1CB85BB7204C543800B641C8 /* WeatherCucumberUITests.xctest */;
			productType = "com.apple.product-type.bundle.ui-testing";
		};
/* End PBXNativeTarget section */

/* Begin PBXProject section */
		1CB85B90204C543800B641C8 /* Project object */ = {
			isa = PBXProject;
			attributes = {
				LastSwiftUpdateCheck = 0900;
				LastUpgradeCheck = 0900;
				ORGANIZATIONNAME = "Kenneth Poon";
				TargetAttributes = {
					1CB85B97204C543800B641C8 = {
						CreatedOnToolsVersion = 9.0;
						ProvisioningStyle = Automatic;
					};
					1CB85BAB204C543800B641C8 = {
						CreatedOnToolsVersion = 9.0;
						ProvisioningStyle = Automatic;
						TestTargetID = 1CB85B97204C543800B641C8;
					};
					1CB85BB6204C543800B641C8 = {
						CreatedOnToolsVersion = 9.0;
						LastSwiftMigration = 0900;
						ProvisioningStyle = Automatic;
						TestTargetID = 1CB85B97204C543800B641C8;
					};
				};
			};
			buildConfigurationList = 1CB85B93204C543800B641C8 /* Build configuration list for PBXProject "WeatherCucumber" */;
			compatibilityVersion = "Xcode 8.0";
			developmentRegion = en;
			hasScannedForEncodings = 0;
			knownRegions = (
				en,
				Base,
			);
			mainGroup = 1CB85B8F204C543800B641C8;
			productRefGroup = 1CB85B99204C543800B641C8 /* Products */;
			projectDirPath = "";
			projectRoot = "";
			targets = (
				1CB85B97204C543800B641C8 /* WeatherCucumber */,
				1CB85BAB204C543800B641C8 /* WeatherCucumberTests */,
				1CB85BB6204C543800B641C8 /* WeatherCucumberUITests */,
			);
		};
/* End PBXProject section */

/* Begin PBXResourcesBuildPhase section */
		1CB85B96204C543800B641C8 /* Resources */ = {
			isa = PBXResourcesBuildPhase;
			buildActionMask = 2147483647;
			files = (
				1C4F72E12062C44E00A90E52 /* WeatherDetailView.xib in Resources */,
				1C9563422061711800D3B23C /* WeatherSearch.xib in Resources */,
				1CB85BA6204C543800B641C8 /* LaunchScreen.storyboard in Resources */,
				1CB85BA3204C543800B641C8 /* Assets.xcassets in Resources */,
			);
			runOnlyForDeploymentPostprocessing = 0;
		};
		1CB85BAA204C543800B641C8 /* Resources */ = {
			isa = PBXResourcesBuildPhase;
			buildActionMask = 2147483647;
			files = (
			);
			runOnlyForDeploymentPostprocessing = 0;
		};
		1CB85BB5204C543800B641C8 /* Resources */ = {
			isa = PBXResourcesBuildPhase;
			buildActionMask = 2147483647;
			files = (
				1CB85BD3204C5C2800B641C8 /* Features in Resources */,
			);
			runOnlyForDeploymentPostprocessing = 0;
		};
/* End PBXResourcesBuildPhase section */

/* Begin PBXShellScriptBuildPhase section */
		07DC56497291775D1D1CDFD5 /* [CP] Check Pods Manifest.lock */ = {
			isa = PBXShellScriptBuildPhase;
			buildActionMask = 2147483647;
			files = (
			);
			inputPaths = (
				"${PODS_PODFILE_DIR_PATH}/Podfile.lock",
				"${PODS_ROOT}/Manifest.lock",
			);
			name = "[CP] Check Pods Manifest.lock";
			outputPaths = (
				"$(DERIVED_FILE_DIR)/Pods-WeatherCucumberUITests-checkManifestLockResult.txt",
			);
			runOnlyForDeploymentPostprocessing = 0;
			shellPath = /bin/sh;
			shellScript = "diff \"${PODS_PODFILE_DIR_PATH}/Podfile.lock\" \"${PODS_ROOT}/Manifest.lock\" > /dev/null\nif [ $? != 0 ] ; then\n    # print error to STDERR\n    echo \"error: The sandbox is not in sync with the Podfile.lock. Run 'pod install' or update your CocoaPods installation.\" >&2\n    exit 1\nfi\n# This output is used by Xcode 'outputs' to avoid re-running this script phase.\necho \"SUCCESS\" > \"${SCRIPT_OUTPUT_FILE_0}\"\n";
			showEnvVarsInLog = 0;
		};
		B62DB51072AE30C403ECAEC4 /* [CP] Embed Pods Frameworks */ = {
			isa = PBXShellScriptBuildPhase;
			buildActionMask = 2147483647;
			files = (
			);
			inputPaths = (
				"${SRCROOT}/Pods/Target Support Files/Pods-WeatherCucumberUITests/Pods-WeatherCucumberUITests-frameworks.sh",
				"${BUILT_PRODUCTS_DIR}/Cucumberish/Cucumberish.framework",
			);
			name = "[CP] Embed Pods Frameworks";
			outputPaths = (
				"${TARGET_BUILD_DIR}/${FRAMEWORKS_FOLDER_PATH}/Cucumberish.framework",
			);
			runOnlyForDeploymentPostprocessing = 0;
			shellPath = /bin/sh;
			shellScript = "\"${SRCROOT}/Pods/Target Support Files/Pods-WeatherCucumberUITests/Pods-WeatherCucumberUITests-frameworks.sh\"\n";
			showEnvVarsInLog = 0;
		};
		BD61AFAD300CC2CF8D034263 /* [CP] Copy Pods Resources */ = {
			isa = PBXShellScriptBuildPhase;
			buildActionMask = 2147483647;
			files = (
			);
			inputPaths = (
			);
			name = "[CP] Copy Pods Resources";
			outputPaths = (
			);
			runOnlyForDeploymentPostprocessing = 0;
			shellPath = /bin/sh;
			shellScript = "\"${SRCROOT}/Pods/Target Support Files/Pods-WeatherCucumberUITests/Pods-WeatherCucumberUITests-resources.sh\"\n";
			showEnvVarsInLog = 0;
		};
/* End PBXShellScriptBuildPhase section */

/* Begin PBXSourcesBuildPhase section */
		1CB85B94204C543800B641C8 /* Sources */ = {
			isa = PBXSourcesBuildPhase;
			buildActionMask = 2147483647;
			files = (
				1C4F72E32062C45A00A90E52 /* WeatherDetailView.swift in Sources */,
				1C4F72E72062CD3700A90E52 /* WeatherDetail.swift in Sources */,
				1C956340206170F700D3B23C /* WeatherSearch.swift in Sources */,
				1C4F72D82062C35A00A90E52 /* WeatherApiSearchService.swift in Sources */,
				1CB85B9E204C543800B641C8 /* ViewController.swift in Sources */,
				1C4F72DD2062C3B700A90E52 /* WeatherDetailViewController.swift in Sources */,
				1C4F72DA2062C37E00A90E52 /* WeatherSearchViewController.swift in Sources */,
				1CB85B9C204C543800B641C8 /* AppDelegate.swift in Sources */,
				1C4F72E52062CCEA00A90E52 /* WeatherApiDetailService.swift in Sources */,
				1C4F72D72062C34700A90E52 /* WeatherResultItem.swift in Sources */,
			);
			runOnlyForDeploymentPostprocessing = 0;
		};
		1CB85BA8204C543800B641C8 /* Sources */ = {
			isa = PBXSourcesBuildPhase;
			buildActionMask = 2147483647;
			files = (
				1CB85BB1204C543800B641C8 /* WeatherCucumberTests.swift in Sources */,
			);
			runOnlyForDeploymentPostprocessing = 0;
		};
		1CB85BB3204C543800B641C8 /* Sources */ = {
			isa = PBXSourcesBuildPhase;
			buildActionMask = 2147483647;
			files = (
				1CB85BD0204C596B00B641C8 /* CucumberishLoader.m in Sources */,
				1CB85BCD204C583800B641C8 /* CucumberishInitializer.swift.swift in Sources */,
			);
			runOnlyForDeploymentPostprocessing = 0;
		};
/* End PBXSourcesBuildPhase section */

/* Begin PBXTargetDependency section */
		1CB85BAE204C543800B641C8 /* PBXTargetDependency */ = {
			isa = PBXTargetDependency;
			target = 1CB85B97204C543800B641C8 /* WeatherCucumber */;
			targetProxy = 1CB85BAD204C543800B641C8 /* PBXContainerItemProxy */;
		};
		1CB85BB9204C543800B641C8 /* PBXTargetDependency */ = {
			isa = PBXTargetDependency;
			target = 1CB85B97204C543800B641C8 /* WeatherCucumber */;
			targetProxy = 1CB85BB8204C543800B641C8 /* PBXContainerItemProxy */;
		};
/* End PBXTargetDependency section */

/* Begin PBXVariantGroup section */
		1CB85B9F204C543800B641C8 /* Main.storyboard */ = {
			isa = PBXVariantGroup;
			children = (
				1CB85BA0204C543800B641C8 /* Base */,
			);
			name = Main.storyboard;
			sourceTree = "<group>";
		};
		1CB85BA4204C543800B641C8 /* LaunchScreen.storyboard */ = {
			isa = PBXVariantGroup;
			children = (
				1CB85BA5204C543800B641C8 /* Base */,
			);
			name = LaunchScreen.storyboard;
			sourceTree = "<group>";
		};
/* End PBXVariantGroup section */

/* Begin XCBuildConfiguration section */
		1CB85BBE204C543900B641C8 /* Debug */ = {
			isa = XCBuildConfiguration;
			buildSettings = {
				ALWAYS_SEARCH_USER_PATHS = NO;
				CLANG_ANALYZER_NONNULL = YES;
				CLANG_ANALYZER_NUMBER_OBJECT_CONVERSION = YES_AGGRESSIVE;
				CLANG_CXX_LANGUAGE_STANDARD = "gnu++14";
				CLANG_CXX_LIBRARY = "libc++";
				CLANG_ENABLE_MODULES = YES;
				CLANG_ENABLE_OBJC_ARC = YES;
				CLANG_WARN_BLOCK_CAPTURE_AUTORELEASING = YES;
				CLANG_WARN_BOOL_CONVERSION = YES;
				CLANG_WARN_COMMA = YES;
				CLANG_WARN_CONSTANT_CONVERSION = YES;
				CLANG_WARN_DIRECT_OBJC_ISA_USAGE = YES_ERROR;
				CLANG_WARN_DOCUMENTATION_COMMENTS = YES;
				CLANG_WARN_EMPTY_BODY = YES;
				CLANG_WARN_ENUM_CONVERSION = YES;
				CLANG_WARN_INFINITE_RECURSION = YES;
				CLANG_WARN_INT_CONVERSION = YES;
				CLANG_WARN_NON_LITERAL_NULL_CONVERSION = YES;
				CLANG_WARN_OBJC_LITERAL_CONVERSION = YES;
				CLANG_WARN_OBJC_ROOT_CLASS = YES_ERROR;
				CLANG_WARN_RANGE_LOOP_ANALYSIS = YES;
				CLANG_WARN_STRICT_PROTOTYPES = YES;
				CLANG_WARN_SUSPICIOUS_MOVE = YES;
				CLANG_WARN_UNGUARDED_AVAILABILITY = YES_AGGRESSIVE;
				CLANG_WARN_UNREACHABLE_CODE = YES;
				CLANG_WARN__DUPLICATE_METHOD_MATCH = YES;
				CODE_SIGN_IDENTITY = "iPhone Developer";
				COPY_PHASE_STRIP = NO;
				DEBUG_INFORMATION_FORMAT = dwarf;
				ENABLE_STRICT_OBJC_MSGSEND = YES;
				ENABLE_TESTABILITY = YES;
				GCC_C_LANGUAGE_STANDARD = gnu11;
				GCC_DYNAMIC_NO_PIC = NO;
				GCC_NO_COMMON_BLOCKS = YES;
				GCC_OPTIMIZATION_LEVEL = 0;
				GCC_PREPROCESSOR_DEFINITIONS = (
					"DEBUG=1",
					"$(inherited)",
				);
				GCC_WARN_64_TO_32_BIT_CONVERSION = YES;
				GCC_WARN_ABOUT_RETURN_TYPE = YES_ERROR;
				GCC_WARN_UNDECLARED_SELECTOR = YES;
				GCC_WARN_UNINITIALIZED_AUTOS = YES_AGGRESSIVE;
				GCC_WARN_UNUSED_FUNCTION = YES;
				GCC_WARN_UNUSED_VARIABLE = YES;
				IPHONEOS_DEPLOYMENT_TARGET = 11.0;
				MTL_ENABLE_DEBUG_INFO = YES;
				ONLY_ACTIVE_ARCH = YES;
				SDKROOT = iphoneos;
				SWIFT_ACTIVE_COMPILATION_CONDITIONS = DEBUG;
				SWIFT_OPTIMIZATION_LEVEL = "-Onone";
			};
			name = Debug;
		};
		1CB85BBF204C543900B641C8 /* Release */ = {
			isa = XCBuildConfiguration;
			buildSettings = {
				ALWAYS_SEARCH_USER_PATHS = NO;
				CLANG_ANALYZER_NONNULL = YES;
				CLANG_ANALYZER_NUMBER_OBJECT_CONVERSION = YES_AGGRESSIVE;
				CLANG_CXX_LANGUAGE_STANDARD = "gnu++14";
				CLANG_CXX_LIBRARY = "libc++";
				CLANG_ENABLE_MODULES = YES;
				CLANG_ENABLE_OBJC_ARC = YES;
				CLANG_WARN_BLOCK_CAPTURE_AUTORELEASING = YES;
				CLANG_WARN_BOOL_CONVERSION = YES;
				CLANG_WARN_COMMA = YES;
				CLANG_WARN_CONSTANT_CONVERSION = YES;
				CLANG_WARN_DIRECT_OBJC_ISA_USAGE = YES_ERROR;
				CLANG_WARN_DOCUMENTATION_COMMENTS = YES;
				CLANG_WARN_EMPTY_BODY = YES;
				CLANG_WARN_ENUM_CONVERSION = YES;
				CLANG_WARN_INFINITE_RECURSION = YES;
				CLANG_WARN_INT_CONVERSION = YES;
				CLANG_WARN_NON_LITERAL_NULL_CONVERSION = YES;
				CLANG_WARN_OBJC_LITERAL_CONVERSION = YES;
				CLANG_WARN_OBJC_ROOT_CLASS = YES_ERROR;
				CLANG_WARN_RANGE_LOOP_ANALYSIS = YES;
				CLANG_WARN_STRICT_PROTOTYPES = YES;
				CLANG_WARN_SUSPICIOUS_MOVE = YES;
				CLANG_WARN_UNGUARDED_AVAILABILITY = YES_AGGRESSIVE;
				CLANG_WARN_UNREACHABLE_CODE = YES;
				CLANG_WARN__DUPLICATE_METHOD_MATCH = YES;
				CODE_SIGN_IDENTITY = "iPhone Developer";
				COPY_PHASE_STRIP = NO;
				DEBUG_INFORMATION_FORMAT = "dwarf-with-dsym";
				ENABLE_NS_ASSERTIONS = NO;
				ENABLE_STRICT_OBJC_MSGSEND = YES;
				GCC_C_LANGUAGE_STANDARD = gnu11;
				GCC_NO_COMMON_BLOCKS = YES;
				GCC_WARN_64_TO_32_BIT_CONVERSION = YES;
				GCC_WARN_ABOUT_RETURN_TYPE = YES_ERROR;
				GCC_WARN_UNDECLARED_SELECTOR = YES;
				GCC_WARN_UNINITIALIZED_AUTOS = YES_AGGRESSIVE;
				GCC_WARN_UNUSED_FUNCTION = YES;
				GCC_WARN_UNUSED_VARIABLE = YES;
				IPHONEOS_DEPLOYMENT_TARGET = 11.0;
				MTL_ENABLE_DEBUG_INFO = NO;
				SDKROOT = iphoneos;
				SWIFT_OPTIMIZATION_LEVEL = "-Owholemodule";
				VALIDATE_PRODUCT = YES;
			};
			name = Release;
		};
		1CB85BC1204C543900B641C8 /* Debug */ = {
			isa = XCBuildConfiguration;
			buildSettings = {
				ASSETCATALOG_COMPILER_APPICON_NAME = AppIcon;
				CODE_SIGN_STYLE = Automatic;
				DEVELOPMENT_TEAM = 63YV8ZAJ9F;
				INFOPLIST_FILE = WeatherCucumber/Info.plist;
				LD_RUNPATH_SEARCH_PATHS = "$(inherited) @executable_path/Frameworks";
				PRODUCT_BUNDLE_IDENTIFIER = propertyguru.WeatherCucumber;
				PRODUCT_NAME = "$(TARGET_NAME)";
				SWIFT_VERSION = 4.0;
				TARGETED_DEVICE_FAMILY = "1,2";
			};
			name = Debug;
		};
		1CB85BC2204C543900B641C8 /* Release */ = {
			isa = XCBuildConfiguration;
			buildSettings = {
				ASSETCATALOG_COMPILER_APPICON_NAME = AppIcon;
				CODE_SIGN_STYLE = Automatic;
				DEVELOPMENT_TEAM = 63YV8ZAJ9F;
				INFOPLIST_FILE = WeatherCucumber/Info.plist;
				LD_RUNPATH_SEARCH_PATHS = "$(inherited) @executable_path/Frameworks";
				PRODUCT_BUNDLE_IDENTIFIER = propertyguru.WeatherCucumber;
				PRODUCT_NAME = "$(TARGET_NAME)";
				SWIFT_VERSION = 4.0;
				TARGETED_DEVICE_FAMILY = "1,2";
			};
			name = Release;
		};
		1CB85BC4204C543900B641C8 /* Debug */ = {
			isa = XCBuildConfiguration;
			buildSettings = {
				ALWAYS_EMBED_SWIFT_STANDARD_LIBRARIES = YES;
				BUNDLE_LOADER = "$(TEST_HOST)";
				CODE_SIGN_STYLE = Automatic;
				DEVELOPMENT_TEAM = 63YV8ZAJ9F;
				INFOPLIST_FILE = WeatherCucumberTests/Info.plist;
				LD_RUNPATH_SEARCH_PATHS = "$(inherited) @executable_path/Frameworks @loader_path/Frameworks";
				PRODUCT_BUNDLE_IDENTIFIER = propertyguru.WeatherCucumberTests;
				PRODUCT_NAME = "$(TARGET_NAME)";
				SWIFT_VERSION = 4.0;
				TARGETED_DEVICE_FAMILY = "1,2";
				TEST_HOST = "$(BUILT_PRODUCTS_DIR)/WeatherCucumber.app/WeatherCucumber";
			};
			name = Debug;
		};
		1CB85BC5204C543900B641C8 /* Release */ = {
			isa = XCBuildConfiguration;
			buildSettings = {
				ALWAYS_EMBED_SWIFT_STANDARD_LIBRARIES = YES;
				BUNDLE_LOADER = "$(TEST_HOST)";
				CODE_SIGN_STYLE = Automatic;
				DEVELOPMENT_TEAM = 63YV8ZAJ9F;
				INFOPLIST_FILE = WeatherCucumberTests/Info.plist;
				LD_RUNPATH_SEARCH_PATHS = "$(inherited) @executable_path/Frameworks @loader_path/Frameworks";
				PRODUCT_BUNDLE_IDENTIFIER = propertyguru.WeatherCucumberTests;
				PRODUCT_NAME = "$(TARGET_NAME)";
				SWIFT_VERSION = 4.0;
				TARGETED_DEVICE_FAMILY = "1,2";
				TEST_HOST = "$(BUILT_PRODUCTS_DIR)/WeatherCucumber.app/WeatherCucumber";
			};
			name = Release;
		};
		1CB85BC7204C543900B641C8 /* Debug */ = {
			isa = XCBuildConfiguration;
			baseConfigurationReference = 7937B638F6F59DAC895A1626 /* Pods-WeatherCucumberUITests.debug.xcconfig */;
			buildSettings = {
				ALWAYS_EMBED_SWIFT_STANDARD_LIBRARIES = YES;
				CLANG_ENABLE_MODULES = YES;
				CODE_SIGN_STYLE = Automatic;
				DEFINES_MODULE = YES;
				DEVELOPMENT_TEAM = 63YV8ZAJ9F;
				INFOPLIST_FILE = WeatherCucumberUITests/Info.plist;
				LD_RUNPATH_SEARCH_PATHS = "$(inherited) @executable_path/Frameworks @loader_path/Frameworks";
				PRODUCT_BUNDLE_IDENTIFIER = propertyguru.WeatherCucumberUITests;
				PRODUCT_NAME = "$(TARGET_NAME)";
				SWIFT_OBJC_BRIDGING_HEADER = "WeatherCucumberUITests/WeatherCucumberUITests-Bridging-Header.h";
				SWIFT_OPTIMIZATION_LEVEL = "-Onone";
				SWIFT_VERSION = 4.0;
				TARGETED_DEVICE_FAMILY = "1,2";
				TEST_TARGET_NAME = WeatherCucumber;
			};
			name = Debug;
		};
		1CB85BC8204C543900B641C8 /* Release */ = {
			isa = XCBuildConfiguration;
			baseConfigurationReference = 3EEDB21197220DABE751B18A /* Pods-WeatherCucumberUITests.release.xcconfig */;
			buildSettings = {
				ALWAYS_EMBED_SWIFT_STANDARD_LIBRARIES = YES;
				CLANG_ENABLE_MODULES = YES;
				CODE_SIGN_STYLE = Automatic;
				DEFINES_MODULE = YES;
				DEVELOPMENT_TEAM = 63YV8ZAJ9F;
				INFOPLIST_FILE = WeatherCucumberUITests/Info.plist;
				LD_RUNPATH_SEARCH_PATHS = "$(inherited) @executable_path/Frameworks @loader_path/Frameworks";
				PRODUCT_BUNDLE_IDENTIFIER = propertyguru.WeatherCucumberUITests;
				PRODUCT_NAME = "$(TARGET_NAME)";
				SWIFT_OBJC_BRIDGING_HEADER = "WeatherCucumberUITests/WeatherCucumberUITests-Bridging-Header.h";
				SWIFT_VERSION = 4.0;
				TARGETED_DEVICE_FAMILY = "1,2";
				TEST_TARGET_NAME = WeatherCucumber;
			};
			name = Release;
		};
/* End XCBuildConfiguration section */

/* Begin XCConfigurationList section */
		1CB85B93204C543800B641C8 /* Build configuration list for PBXProject "WeatherCucumber" */ = {
			isa = XCConfigurationList;
			buildConfigurations = (
				1CB85BBE204C543900B641C8 /* Debug */,
				1CB85BBF204C543900B641C8 /* Release */,
			);
			defaultConfigurationIsVisible = 0;
			defaultConfigurationName = Release;
		};
		1CB85BC0204C543900B641C8 /* Build configuration list for PBXNativeTarget "WeatherCucumber" */ = {
			isa = XCConfigurationList;
			buildConfigurations = (
				1CB85BC1204C543900B641C8 /* Debug */,
				1CB85BC2204C543900B641C8 /* Release */,
			);
			defaultConfigurationIsVisible = 0;
			defaultConfigurationName = Release;
		};
		1CB85BC3204C543900B641C8 /* Build configuration list for PBXNativeTarget "WeatherCucumberTests" */ = {
			isa = XCConfigurationList;
			buildConfigurations = (
				1CB85BC4204C543900B641C8 /* Debug */,
				1CB85BC5204C543900B641C8 /* Release */,
			);
			defaultConfigurationIsVisible = 0;
			defaultConfigurationName = Release;
		};
		1CB85BC6204C543900B641C8 /* Build configuration list for PBXNativeTarget "WeatherCucumberUITests" */ = {
			isa = XCConfigurationList;
			buildConfigurations = (
				1CB85BC7204C543900B641C8 /* Debug */,
				1CB85BC8204C543900B641C8 /* Release */,
			);
			defaultConfigurationIsVisible = 0;
			defaultConfigurationName = Release;
		};
/* End XCConfigurationList section */
	};
	rootObject = 1CB85B90204C543800B641C8 /* Project object */;
}
